PODS:
  - boost-for-react-native (1.63.0)
  - DoubleConversion (1.1.6)
  - FBSDKCoreKit (5.5.0):
    - FBSDKCoreKit/Basics (= 5.5.0)
    - FBSDKCoreKit/Core (= 5.5.0)
  - FBSDKCoreKit/Basics (5.5.0)
  - FBSDKCoreKit/Core (5.5.0):
    - FBSDKCoreKit/Basics
  - FBSDKLoginKit (5.5.0):
    - FBSDKCoreKit (~> 5.0)
  - FBSDKShareKit (5.5.0):
    - FBSDKCoreKit (~> 5.0)
  - Folly (2018.10.22.00):
    - boost-for-react-native
    - DoubleConversion
    - glog
  - glog (0.3.5)
  - React (0.59.9):
    - React/Core (= 0.59.9)
  - react-native-video (5.0.0):
    - React
    - react-native-video/Video (= 5.0.0)
  - react-native-video/Video (5.0.0):
    - React
  - React/Core (0.59.9):
    - yoga (= 0.59.9.React)
  - React/CxxBridge (0.59.9):
    - Folly (= 2018.10.22.00)
    - React/Core
    - React/cxxreact
    - React/jsiexecutor
  - React/cxxreact (0.59.9):
    - boost-for-react-native (= 1.63.0)
    - DoubleConversion
    - Folly (= 2018.10.22.00)
    - glog
    - React/jsinspector
  - React/jsi (0.59.9):
    - DoubleConversion
    - Folly (= 2018.10.22.00)
    - glog
  - React/jsiexecutor (0.59.9):
    - DoubleConversion
    - Folly (= 2018.10.22.00)
    - glog
    - React/cxxreact
    - React/jsi
  - React/jsinspector (0.59.9)
  - React/RCTImage (0.59.9):
    - React/Core
    - React/RCTNetwork
  - React/RCTLinkingIOS (0.59.9):
    - React/Core
  - React/RCTNetwork (0.59.9):
    - React/Core
  - yoga (0.59.9.React)

DEPENDENCIES:
  - DoubleConversion (from `../node_modules/react-native/third-party-podspecs/DoubleConversion.podspec`)
  - FBSDKCoreKit
  - FBSDKLoginKit
  - FBSDKShareKit
  - Folly (from `../node_modules/react-native/third-party-podspecs/Folly.podspec`)
  - glog (from `../node_modules/react-native/third-party-podspecs/glog.podspec`)
  - react-native-video (from `../node_modules/react-native-video/react-native-video.podspec`)
  - React/CxxBridge (from `../node_modules/react-native`)
  - React/RCTImage (from `../node_modules/react-native`)
  - React/RCTLinkingIOS (from `../node_modules/react-native`)
  - yoga (from `../node_modules/react-native/ReactCommon/yoga`)

SPEC REPOS:
  https://github.com/cocoapods/specs.git:
    - boost-for-react-native
    - FBSDKCoreKit
    - FBSDKLoginKit
    - FBSDKShareKit

EXTERNAL SOURCES:
  DoubleConversion:
    :podspec: "../node_modules/react-native/third-party-podspecs/DoubleConversion.podspec"
  Folly:
    :podspec: "../node_modules/react-native/third-party-podspecs/Folly.podspec"
  glog:
    :podspec: "../node_modules/react-native/third-party-podspecs/glog.podspec"
  React:
    :path: "../node_modules/react-native"
  react-native-video:
    :path: "../node_modules/react-native-video/react-native-video.podspec"
  yoga:
    :path: "../node_modules/react-native/ReactCommon/yoga"

SPEC CHECKSUMS:
  boost-for-react-native: 39c7adb57c4e60d6c5479dd8623128eb5b3f0f2c
  DoubleConversion: bb338842f62ab1d708ceb63ec3d999f0f3d98ecd
  FBSDKCoreKit: 7ade9cfea30eef2f6cf105a1aa904f89ea68fb7d
  FBSDKLoginKit: bb28062f24e79590c44ba03297ca9bea4b6436d2
  FBSDKShareKit: 6316a2dcd2fbc419c87281aa4c50ad0b6ed431e7
  Folly: de497beb10f102453a1afa9edbf8cf8a251890de
  glog: aefd1eb5dda2ab95ba0938556f34b98e2da3a60d
  React: a86b92f00edbe1873a63e4a212c29b7a7ad5224f
  react-native-video: 37a0a4628b985c080cfd7b0768457be84c8c3fd0
  yoga: 03ff42a6f223fb88deeaed60249020d80c3091ee

PODFILE CHECKSUM: f773fceaa77d72f77c5d24214536b9a977d3424f

COCOAPODS: 1.7.5
